
Microsoft Visual Studio Solution File, Format Version 12.00
# Visual Studio 15
VisualStudioVersion = 15.0.28307.271
MinimumVisualStudioVersion = 10.0.40219.1
Project("{FAE04EC0-301F-11D3-BF4B-00C04F79EFBC}") = "ReflectionGetDefaultProperty", "ReflectionGetDefaultProperty\ReflectionGetDefaultProperty.csproj", "{548086DB-8DA4-4158-9114-1F9DCBFFFDD4}"
EndProject
Global
	GlobalSection(SolutionConfigurationPlatforms) = preSolution
		Debug|Any CPU = Debug|Any CPU
		Release|Any CPU = Release|Any CPU
	EndGlobalSection
	GlobalSection(ProjectConfigurationPlatforms) = postSolution
		{548086DB-8DA4-4158-9114-1F9DCBFFFDD4}.Debug|Any CPU.ActiveCfg = Debug|Any CPU
		{548086DB-8DA4-4158-9114-1F9DCBFFFDD4}.Debug|Any CPU.Build.0 = Debug|Any CPU
		{548086DB-8DA4-4158-9114-1F9DCBFFFDD4}.Release|Any CPU.ActiveCfg = Release|Any CPU
		{548086DB-8DA4-4158-9114-1F9DCBFFFDD4}.Release|Any CPU.Build.0 = Release|Any CPU
	EndGlobalSection
	GlobalSection(SolutionProperties) = preSolution
		HideSolutionNode = FALSE
	EndGlobalSection
	GlobalSection(ExtensibilityGlobals) = postSolution
		SolutionGuid = {EF1F2C28-DB2E-4E54-AA83-AA90377988EA}
	EndGlobalSection
EndGlobal
